
Microsoft Visual Studio Solution File, Format Version 12.00
# Visual Studio Version 17
VisualStudioVersion = 17.12.35527.113
MinimumVisualStudioVersion = 10.0.40219.1
Project("{FAE04EC0-301F-11D3-BF4B-00C04F79EFBC}") = "DropTester", "DropTester\DropTester.csproj", "{925321A7-487D-4142-B742-C0AD76330815}"
EndProject
Project("{FAE04EC0-301F-11D3-BF4B-00C04F79EFBC}") = "DragTester", "DragTester\DragTester.csproj", "{8EB79E00-1990-46F6-8535-C65019098280}"
EndProject
Project("{FAE04EC0-301F-11D3-BF4B-00C04F79EFBC}") = "DragDropCanvas", "DragDropCanvas\DragDropCanvas.csproj", "{429DA71E-CA26-4C51-8DAD-2C358D74EAC0}"
EndProject
Global
	GlobalSection(SolutionConfigurationPlatforms) = preSolution
		Debug|Any CPU = Debug|Any CPU
		Release|Any CPU = Release|Any CPU
	EndGlobalSection
	GlobalSection(ProjectConfigurationPlatforms) = postSolution
		{925321A7-487D-4142-B742-C0AD76330815}.Debug|Any CPU.ActiveCfg = Debug|Any CPU
		{925321A7-487D-4142-B742-C0AD76330815}.Debug|Any CPU.Build.0 = Debug|Any CPU
		{925321A7-487D-4142-B742-C0AD76330815}.Release|Any CPU.ActiveCfg = Release|Any CPU
		{925321A7-487D-4142-B742-C0AD76330815}.Release|Any CPU.Build.0 = Release|Any CPU
		{8EB79E00-1990-46F6-8535-C65019098280}.Debug|Any CPU.ActiveCfg = Debug|Any CPU
		{8EB79E00-1990-46F6-8535-C65019098280}.Debug|Any CPU.Build.0 = Debug|Any CPU
		{8EB79E00-1990-46F6-8535-C65019098280}.Release|Any CPU.ActiveCfg = Release|Any CPU
		{8EB79E00-1990-46F6-8535-C65019098280}.Release|Any CPU.Build.0 = Release|Any CPU
		{429DA71E-CA26-4C51-8DAD-2C358D74EAC0}.Debug|Any CPU.ActiveCfg = Debug|Any CPU
		{429DA71E-CA26-4C51-8DAD-2C358D74EAC0}.Debug|Any CPU.Build.0 = Debug|Any CPU
		{429DA71E-CA26-4C51-8DAD-2C358D74EAC0}.Release|Any CPU.ActiveCfg = Release|Any CPU
		{429DA71E-CA26-4C51-8DAD-2C358D74EAC0}.Release|Any CPU.Build.0 = Release|Any CPU
	EndGlobalSection
	GlobalSection(SolutionProperties) = preSolution
		HideSolutionNode = FALSE
	EndGlobalSection
EndGlobal
